{
  "version": 1,
  "dependencies": {
    "net6.0": {
      "C-DEngine": {
        "type": "Direct",
        "requested": "[5.144.0, )",
        "resolved": "5.144.0",
        "contentHash": "0chojsci87l+mzo9MEWKwF/G86l3l+UJMtyBthpyMmEIj8ZD3ljbeiXYZV1h1hGS7rfePkXxdQ9Y6FF+4LIEcQ==",
        "dependencies": {
          "Microsoft.CSharp": "4.5.0"
        }
      },
      "CDMyNMIHtml5RT": {
        "type": "Direct",
        "requested": "[5.144.0, )",
        "resolved": "5.144.0",
        "contentHash": "Ilt5RlpWmF94N+qegE0q8CJzKvdWcihTE0jiz5P+D2P1NwQ0KE4hrcRTluRYLwKqvOgee8F2Mlkagpv8yrYeIQ==",
        "dependencies": {
          "C-DEngine": "5.144.0"
        }
      },
      "Microsoft.SourceLink.GitHub": {
        "type": "Direct",
        "requested": "[1.1.1, )",
        "resolved": "1.1.1",
        "contentHash": "IaJGnOv/M7UQjRJks7B6p7pbPnOwisYGOIzqCz5ilGFTApZ3ktOR+6zJ12ZRPInulBmdAf1SrGdDG2MU8g6XTw==",
        "dependencies": {
          "Microsoft.Build.Tasks.Git": "1.1.1",
          "Microsoft.SourceLink.Common": "1.1.1"
        }
      },
      "MinVer": {
        "type": "Direct",
        "requested": "[3.1.0, )",
        "resolved": "3.1.0",
        "contentHash": "a7e2zj145UlybI6NAt9cyTjqKJpvbQzX/Th7bAdD8yTPhvzHfuAaFBe+ZBA7Cb0hVXCyyeeJikhKPB8pAbIAzA=="
      },
      "System.Configuration.ConfigurationManager": {
        "type": "Direct",
        "requested": "[6.0.0, )",
        "resolved": "6.0.0",
        "contentHash": "7T+m0kDSlIPTHIkPMIu6m6tV6qsMqJpvQWW2jIc2qi7sn40qxFo0q+7mEQAhMPXZHMKnWrnv47ntGlM/ejvw3g==",
        "dependencies": {
          "System.Security.Cryptography.ProtectedData": "6.0.0",
          "System.Security.Permissions": "6.0.0"
        }
      },
      "Microsoft.Build.Tasks.Git": {
        "type": "Transitive",
        "resolved": "1.1.1",
        "contentHash": "AT3HlgTjsqHnWpBHSNeR0KxbLZD7bztlZVj7I8vgeYG9SYqbeFGh0TM/KVtC6fg53nrWHl3VfZFvb5BiQFcY6Q=="
      },
      "Microsoft.CSharp": {
        "type": "Transitive",
        "resolved": "4.5.0",
        "contentHash": "kaj6Wb4qoMuH3HySFJhxwQfe8R/sJsNJnANrvv8WdFPMoNbKY5htfNscv+LHCu5ipz+49m2e+WQXpLXr9XYemQ=="
      },
      "Microsoft.SourceLink.Common": {
        "type": "Transitive",
        "resolved": "1.1.1",
        "contentHash": "WMcGpWKrmJmzrNeuaEb23bEMnbtR/vLmvZtkAP5qWu7vQsY59GqfRJd65sFpBszbd2k/bQ8cs8eWawQKAabkVg=="
      },
      "Microsoft.Win32.SystemEvents": {
        "type": "Transitive",
        "resolved": "6.0.0",
        "contentHash": "hqTM5628jSsQiv+HGpiq3WKBl2c8v1KZfby2J6Pr7pEPlK9waPdgEO6b8A/+/xn/yZ9ulv8HuqK71ONy2tg67A=="
      },
      "System.Drawing.Common": {
        "type": "Transitive",
        "resolved": "6.0.0",
        "contentHash": "NfuoKUiP2nUWwKZN6twGqXioIe1zVD0RIj2t976A+czLHr2nY454RwwXs6JU9Htc6mwqL6Dn/nEL3dpVf2jOhg==",
        "dependencies": {
          "Microsoft.Win32.SystemEvents": "6.0.0"
        }
      },
      "System.Security.AccessControl": {
        "type": "Transitive",
        "resolved": "6.0.0",
        "contentHash": "AUADIc0LIEQe7MzC+I0cl0rAT8RrTAKFHl53yHjEUzNVIaUlhFY11vc2ebiVJzVBuOzun6F7FBA+8KAbGTTedQ=="
      },
      "System.Security.Cryptography.ProtectedData": {
        "type": "Transitive",
        "resolved": "6.0.0",
        "contentHash": "rp1gMNEZpvx9vP0JW0oHLxlf8oSiQgtno77Y4PLUBjSiDYoD77Y8uXHr1Ea5XG4/pIKhqAdxZ8v8OTUtqo9PeQ=="
      },
      "System.Security.Permissions": {
        "type": "Transitive",
        "resolved": "6.0.0",
        "contentHash": "T/uuc7AklkDoxmcJ7LGkyX1CcSviZuLCa4jg3PekfJ7SU0niF0IVTXwUiNVP9DSpzou2PpxJ+eNY2IfDM90ZCg==",
        "dependencies": {
          "System.Security.AccessControl": "6.0.0",
          "System.Windows.Extensions": "6.0.0"
        }
      },
      "System.Windows.Extensions": {
        "type": "Transitive",
        "resolved": "6.0.0",
        "contentHash": "IXoJOXIqc39AIe+CIR7koBtRGMiCt/LPM3lI+PELtDIy9XdyeSrwXFdWV9dzJ2Awl0paLWUaknLxFQ5HpHZUog==",
        "dependencies": {
          "System.Drawing.Common": "6.0.0"
        }
      }
    }
  }
}