<!--
SPDX-FileCopyrightText: 2017-2026 TRUMPF Laser SE

SPDX-License-Identifier: MPL-2.0
-->
<Solution>
  <Folder Name="/Configuration/">
    <Project Path="Configuration/SAF.Configuration.Secrets.Contracts/SAF.Configuration.Secrets.Contracts.csproj" />
    <Project Path="Configuration/SAF.Configuration.Secrets.Extensions.Tests/SAF.Configuration.Secrets.Extensions.Tests.csproj" />
    <Project Path="Configuration/SAF.Configuration.Secrets.Extensions/SAF.Configuration.Secrets.Extensions.csproj" />
    <Project Path="Configuration/SAF.Configuration.Secrets.Tests/SAF.Configuration.Secrets.Tests.csproj" />
    <Project Path="Configuration/SAF.Configuration.Secrets/SAF.Configuration.Secrets.csproj" />
  </Folder>
  <Folder Name="/Communication/">
    <Project Path="Communication/SAF.Communication.Cde/SAF.Communication.Cde.csproj" />
    <Project Path="Communication/SAF.Communication.PubSub.Cde.Tests/SAF.Communication.PubSub.Cde.Tests.csproj" />
    <Project Path="Communication/SAF.Communication.PubSub.Cde/SAF.Communication.PubSub.Cde.csproj" />
    <Project Path="Communication/SAF.Communication.PubSub.Interfaces/SAF.Communication.PubSub.Interfaces.csproj" />
    <Project Path="Communication/SAF.Communication.PubSub.Tests/SAF.Communication.PubSub.Tests.csproj" />
    <Project Path="Communication/SAF.Communication.PubSub/SAF.Communication.PubSub.csproj" />
  </Folder>
  <Folder Name="/Messaging/">
    <Project Path="Messaging/SAF.Messaging.Cde.Tests/SAF.Messaging.Cde.Tests.csproj" />
    <Project Path="Messaging/SAF.Messaging.Cde/SAF.Messaging.Cde.csproj" />
    <Project Path="Messaging/SAF.Messaging.Contracts.Tests/SAF.Messaging.Contracts.Tests.csproj" />
    <Project Path="Messaging/SAF.Messaging.Contracts/SAF.Messaging.Contracts.csproj" />
    <Project Path="Messaging/SAF.Messaging.Extensions.Tests/SAF.Messaging.Extensions.Tests.csproj" />
    <Project Path="Messaging/SAF.Messaging.Extensions/SAF.Messaging.Extensions.csproj" />
    <Project Path="Messaging/SAF.Messaging.InProcess.Tests/SAF.Messaging.InProcess.Tests.csproj" />
    <Project Path="Messaging/SAF.Messaging.InProcess/SAF.Messaging.InProcess.csproj" />
    <Project Path="Messaging/SAF.Messaging.LoadTest/SAF.Messaging.LoadTest.csproj" />
    <Project Path="Messaging/SAF.Messaging.Nats.Tests/SAF.Messaging.Nats.Tests.csproj" />
    <Project Path="Messaging/SAF.Messaging.NATS/SAF.Messaging.NATS.csproj" />
    <Project Path="Messaging/SAF.Messaging.Redis.Tests/SAF.Messaging.Redis.Tests.csproj" />
    <Project Path="Messaging/SAF.Messaging.Redis/SAF.Messaging.Redis.csproj" />
    <Project Path="Messaging/SAF.Messaging.Routing.Tests/SAF.Messaging.Routing.Tests.csproj" />
    <Project Path="Messaging/SAF.Messaging.Routing/SAF.Messaging.Routing.csproj" />
    <Project Path="Messaging/SAF.Messaging.Runtime.Tests/SAF.Messaging.Runtime.Tests.csproj" />
    <Project Path="Messaging/SAF.Messaging.Runtime/SAF.Messaging.Runtime.csproj" />
  </Folder>
  <Folder Name="/Hosting/">
    <Project Path="Hosting/SAF.Hosting.Contracts/SAF.Hosting.Contracts.csproj" />
    <Project Path="Hosting/SAF.Hosting.Tests/SAF.Hosting.Tests.csproj" />
    <Project Path="Hosting/SAF.Hosting/SAF.Hosting.csproj" />
  </Folder>
  <Folder Name="/PluginSystem/">
    <Project Path="PluginSystem/SAF.PluginSystem.Hosting.Contracts/SAF.PluginSystem.Hosting.Contracts.csproj" />
    <Project Path="PluginSystem/SAF.PluginSystem.Hosting.Extensions.Tests/SAF.PluginSystem.Hosting.Extensions.Tests.csproj" />
    <Project Path="PluginSystem/SAF.PluginSystem.Hosting.Extensions/SAF.PluginSystem.Hosting.Extensions.csproj" />
    <Project Path="PluginSystem/SAF.PluginSystem.Hosting.Tests/SAF.PluginSystem.Hosting.Tests.csproj" />
    <Project Path="PluginSystem/SAF.PluginSystem.Hosting/SAF.PluginSystem.Hosting.csproj" />
  </Folder>
  <Folder Name="/PluginSystem/TestPlugins/">
    <Project Path="PluginSystem/TestPlugins/TestPlugin.DependencyA/TestPlugin.DependencyA.csproj" />
    <Project Path="PluginSystem/TestPlugins/TestPlugin.DependencyB/TestPlugin.DependencyB.csproj" />
    <Project Path="PluginSystem/TestPlugins/TestPlugin.PluginA/TestPlugin.PluginA.csproj" />
    <Project Path="PluginSystem/TestPlugins/TestPlugin.PluginB/TestPlugin.PluginB.csproj" />
    <Project Path="PluginSystem/TestPlugins/TestPlugin.PublicDependencyA/TestPlugin.PublicDependencyA.csproj" />
    <Project Path="PluginSystem/TestPlugins/TestPlugin.PublicDependencyB/TestPlugin.PublicDependencyB.csproj" />
  </Folder>
  <Folder Name="/Tests/TestPlugins/">
    <Project Path="Tests/TestPlugins/SAF.Services.SampleService1/SAF.Services.SampleService1.csproj" />
    <Project Path="Tests/TestPlugins/SAF.Services.SampleService2/SAF.Services.SampleService2.csproj" />
  </Folder>
  <Folder Name="/Tests/">
    <Project Path="Tests/TestRunnerCde/TestRunnerCde.csproj" />
    <Project Path="Tests/TestRunnerCdeService1/TestRunnerCdeService1.csproj" />
    <Project Path="Tests/TestRunnerCdeService2/TestRunnerCdeService2.csproj" />
    <Project Path="Tests/TestRunnerConsole/TestRunnerConsole.csproj" />
    <Project Path="Tests/TestRunnerMessageRouting/TestRunnerMessageRouting.csproj" />
    <Project Path="Tests/TestRunnerNats/TestRunnerNats.csproj" />
    <Project Path="Tests/TestRunnerRedis/TestRunnerRedis.csproj" />
  </Folder>
  <Folder Name="/Storage/">
    <Project Path="Storage/SAF.Storage.LiteDb.Tests/SAF.Storage.LiteDb.Tests.csproj" />
    <Project Path="Storage/SAF.Storage.LiteDb/SAF.Storage.LiteDb.csproj" />
    <Project Path="Storage/SAF.Storage.SQLite.Tests/SAF.Storage.SQLite.Tests.csproj" />
    <Project Path="Storage/SAF.Storage.SQLite/SAF.Storage.SQLite.csproj" />
  </Folder>
  <Folder Name="/Toolbox/">
    <Project Path="Toolbox/SAF.Toolbox.Tests/SAF.Toolbox.Tests.csproj" />
    <Project Path="Toolbox/SAF.Toolbox/SAF.Toolbox.csproj" />
  </Folder>
  <Folder Name="/Utils/">
    <Project Path="Utils/CdeLogSorter/CdeLogSorter.csproj" />
  </Folder>
  <Folder Name="/_build/">
    <File Path="../.github/workflows/dotnet-core.yml" />
    <File Path="../Directory.Build.props" />
    <File Path="../Directory.Packages.props" />
    <File Path="../README.md" />
    <File Path=".editorconfig" />
  </Folder>
  <Project Path="SAF.Common.Tests/SAF.Common.Tests.csproj" />
  <Project Path="SAF.Common/SAF.Common.csproj" />
  <Project Path="TestUtilities/TestUtilities.csproj" />
</Solution>
