Microsoft Visual Studio Solution File, Format Version 12.00
# Visual Studio Version 16
VisualStudioVersion = 16.0.28922.388
MinimumVisualStudioVersion = 10.0.40219.1
Project("{9A19103F-16F7-4668-BE54-9A1E7A4F7556}") = "SAF.Common", "SAF.Common\SAF.Common.csproj", "{3D81AC05-15DC-4944-8A47-F5D2B4EC9995}"
EndProject
Project("{9A19103F-16F7-4668-BE54-9A1E7A4F7556}") = "TestRunnerConsole", "TestRunnerConsole\TestRunnerConsole.csproj", "{B1C714E4-4EDC-489B-AFBE-90CAE13F0FE6}"
EndProject
Project("{9A19103F-16F7-4668-BE54-9A1E7A4F7556}") = "TestUtilities", "TestUtilities\TestUtilities.csproj", "{7D04313C-F99C-4CD3-986D-6CD217A7FBC4}"
EndProject
Project("{9A19103F-16F7-4668-BE54-9A1E7A4F7556}") = "TestRunnerRedis", "TestRunnerRedis\TestRunnerRedis.csproj", "{E5F56373-5DE8-46CF-B92B-20E385E0D7E4}"
EndProject
Project("{2150E333-8FDC-42A3-9474-1A3956D46DE8}") = "Services", "Services", "{647EAED8-36EC-4D4A-9C05-383429FB0108}"
EndProject
Project("{9A19103F-16F7-4668-BE54-9A1E7A4F7556}") = "SAF.Services.SampleService1", "Services\SAF.Services.SampleService1\SAF.Services.SampleService1.csproj", "{D4566068-3EC4-429B-B5EC-D54DC8803E74}"
EndProject
Project("{9A19103F-16F7-4668-BE54-9A1E7A4F7556}") = "SAF.Services.SampleService1.Tests", "Services\SAF.Services.SampleService1.Tests\SAF.Services.SampleService1.Tests.csproj", "{A1E6007B-E911-40BD-B56D-5E18E611A117}"
EndProject
Project("{9A19103F-16F7-4668-BE54-9A1E7A4F7556}") = "SAF.Services.SampleService2", "Services\SAF.Services.SampleService2\SAF.Services.SampleService2.csproj", "{C8EC9386-63DB-4A3C-9CD0-1A1B2F1F13F3}"
EndProject
Project("{2150E333-8FDC-42A3-9474-1A3956D46DE8}") = "Hosting", "Hosting", "{E53CC9A7-AB65-46C0-8AEE-980CFBFCFF31}"
EndProject
Project("{9A19103F-16F7-4668-BE54-9A1E7A4F7556}") = "SAF.Hosting", "Hosting\SAF.Hosting\SAF.Hosting.csproj", "{F211790F-DDAE-401F-9D85-CDF8B02F32CE}"
EndProject
Project("{9A19103F-16F7-4668-BE54-9A1E7A4F7556}") = "SAF.Hosting.Tests", "Hosting\SAF.Hosting.Tests\SAF.Hosting.Tests.csproj", "{286A0F5F-B7C9-4967-A73A-F5D0098F4CF4}"
EndProject
Project("{9A19103F-16F7-4668-BE54-9A1E7A4F7556}") = "SAF.Hosting.TestServices", "Hosting\SAF.Hosting.TestServices\SAF.Hosting.TestServices.csproj", "{1B26C918-1DAF-4886-8321-66890C45A1BE}"
EndProject
Project("{2150E333-8FDC-42A3-9474-1A3956D46DE8}") = "Messaging", "Messaging", "{42D58619-E495-4AD4-AAA9-11E8285FCCDE}"
EndProject
Project("{9A19103F-16F7-4668-BE54-9A1E7A4F7556}") = "SAF.Messaging.Redis", "Messaging\SAF.Messaging.Redis\SAF.Messaging.Redis.csproj", "{3A4C55A9-EE1E-4BFC-A575-BB4A7ED7AEC4}"
EndProject
Project("{2150E333-8FDC-42A3-9474-1A3956D46DE8}") = "Toolbox", "Toolbox", "{022317AF-352A-4A5B-ADB8-78FE50181121}"
EndProject
Project("{9A19103F-16F7-4668-BE54-9A1E7A4F7556}") = "SAF.Toolbox", "Toolbox\SAF.Toolbox\SAF.Toolbox.csproj", "{EB283FBF-74C8-455A-8B3E-EB092704F084}"
EndProject
Project("{9A19103F-16F7-4668-BE54-9A1E7A4F7556}") = "SAF.DevToolbox", "Toolbox\SAF.DevToolbox\SAF.DevToolbox.csproj", "{B0F51DB2-11A5-45BD-935D-59A084C73F3D}"
EndProject
Project("{9A19103F-16F7-4668-BE54-9A1E7A4F7556}") = "SAF.Toolbox.Tests", "Toolbox\SAF.Toolbox.Tests\SAF.Toolbox.Tests.csproj", "{3361536D-1EC5-49D7-AB59-17CE91A09AEB}"
EndProject
Project("{9A19103F-16F7-4668-BE54-9A1E7A4F7556}") = "TestSequenceRunner", "TestSequenceRunner\TestSequenceRunner.csproj", "{51BB2F8D-DB66-43EE-B72D-2FA6391040EE}"
EndProject
Project("{9A19103F-16F7-4668-BE54-9A1E7A4F7556}") = "SAF.Messaging.Routing", "Messaging\SAF.Messaging.Routing\SAF.Messaging.Routing.csproj", "{48C98B22-0DB4-4F86-A6D5-413CE68AD23D}"
EndProject
Project("{9A19103F-16F7-4668-BE54-9A1E7A4F7556}") = "SAF.Hosting.Cde", "Hosting\SAF.Hosting.Cde\SAF.Hosting.Cde.csproj", "{AFCF57F5-4141-49E5-9FB5-EF8CACB2BACD}"
EndProject
Project("{9A19103F-16F7-4668-BE54-9A1E7A4F7556}") = "SAF.Hosting.Cde.Tests", "Hosting\SAF.Hosting.Cde.Tests\SAF.Hosting.Cde.Tests.csproj", "{84F2E52E-ECD8-4924-8FBB-DC01FED154B0}"
EndProject
Project("{2150E333-8FDC-42A3-9474-1A3956D46DE8}") = "Communication", "Communication", "{65800A90-1808-42B2-89C1-662576050A3A}"
EndProject
Project("{9A19103F-16F7-4668-BE54-9A1E7A4F7556}") = "CDMy.SAF.PubSub.Tests", "Communication\CDMy.SAF.PubSub.Tests\CDMy.SAF.PubSub.Tests.csproj", "{DB215F31-E4F8-4AAB-B6EC-95828EA0B6A6}"
EndProject
Project("{9A19103F-16F7-4668-BE54-9A1E7A4F7556}") = "SAF.Communication.Cde", "Communication\SAF.Communication.Cde\SAF.Communication.Cde.csproj", "{EA15FAB2-B023-4480-B865-BBEB158D69FE}"
EndProject
Project("{9A19103F-16F7-4668-BE54-9A1E7A4F7556}") = "SAF.Communication.PubSub.Cde", "Communication\SAF.Communication.PubSub.Cde\SAF.Communication.PubSub.Cde.csproj", "{27554663-CDEB-4C9D-8B1F-34A72AD4E55E}"
EndProject
Project("{9A19103F-16F7-4668-BE54-9A1E7A4F7556}") = "SAF.Communication.PubSub.Interfaces", "Communication\SAF.Communication.PubSub.Interfaces\SAF.Communication.PubSub.Interfaces.csproj", "{023C8024-BDF0-4C86-83C3-7DC2968722A9}"
EndProject
Project("{9A19103F-16F7-4668-BE54-9A1E7A4F7556}") = "SAF.Communication.PubSub", "Communication\SAF.Communication.PubSub\SAF.Communication.PubSub.csproj", "{F6050F5B-7736-42D9-9CDE-02AC3BCCF1AF}"
EndProject
Project("{9A19103F-16F7-4668-BE54-9A1E7A4F7556}") = "SAF.Communication.Cde.TestHost", "Communication\SAF.Communication.Cde.TestHost\SAF.Communication.Cde.TestHost.csproj", "{C5017DCC-99EC-48C2-9785-DD92751FB792}"
EndProject
Project("{9A19103F-16F7-4668-BE54-9A1E7A4F7556}") = "CDMy.SmartApplicationFramework", "Hosting\CDMy.SmartApplicationFramework\CDMy.SmartApplicationFramework.csproj", "{59F0B8A4-EB08-440A-BA71-BEAE43B084C9}"
EndProject
Project("{9A19103F-16F7-4668-BE54-9A1E7A4F7556}") = "SAF.Messaging.Routing.Tests", "Messaging\SAF.Messaging.Routing.Tests\SAF.Messaging.Routing.Tests.csproj", "{C40393CF-BA36-474F-8260-D18E153B53CA}"
EndProject
Project("{9A19103F-16F7-4668-BE54-9A1E7A4F7556}") = "TestRunnerCde", "TestRunnerCde\TestRunnerCde.csproj", "{E133C023-4E86-4308-9147-C5B6C2F63F9A}"
EndProject
Project("{2150E333-8FDC-42A3-9474-1A3956D46DE8}") = "_build", "_build", "{2C13739B-7911-4D4D-82D5-8FD959A2D362}"
	ProjectSection(SolutionItems) = preProject
		..\Directory.Build.props = ..\Directory.Build.props
		..\.github\workflows\dotnet-core.yml = ..\.github\workflows\dotnet-core.yml
	EndProjectSection
EndProject
Project("{9A19103F-16F7-4668-BE54-9A1E7A4F7556}") = "SAF.Messaging.Cde", "Messaging\SAF.Messaging.Cde\SAF.Messaging.Cde.csproj", "{10D8D3DF-CEBA-4A74-8567-D5E1C479C20E}"
EndProject
Project("{9A19103F-16F7-4668-BE54-9A1E7A4F7556}") = "SAF.Messaging.Cde.Tests", "Messaging\SAF.Messaging.Cde.Tests\SAF.Messaging.Cde.Tests.csproj", "{8D1F4B0F-4A36-44EB-834C-8D34A5CB73EA}"
EndProject
Project("{9A19103F-16F7-4668-BE54-9A1E7A4F7556}") = "SAF.Messaging.LoadTest", "Messaging\SAF.Messaging.LoadTest\SAF.Messaging.LoadTest.csproj", "{3F235555-0B01-4320-9987-417B2284AFEF}"
EndProject
Project("{9A19103F-16F7-4668-BE54-9A1E7A4F7556}") = "SAF.Messaging.InProcess", "Messaging\SAF.Messaging.InProcess\SAF.Messaging.InProcess.csproj", "{A9D8D424-0245-441D-B4FF-2F27EFB3E7EC}"
EndProject
Project("{9A19103F-16F7-4668-BE54-9A1E7A4F7556}") = "SAF.Messaging.InProcess.Tests", "Messaging\SAF.Messaging.InProcess.Tests\SAF.Messaging.InProcess.Tests.csproj", "{2CF928FB-229D-4327-BF68-CA5B7DA110F6}"
EndProject
Project("{9A19103F-16F7-4668-BE54-9A1E7A4F7556}") = "TestRunnerCdeWithSafPlugin", "TestRunnerCdeWithSafPlugin\TestRunnerCdeWithSafPlugin.csproj", "{AFEA07EB-5A56-4600-B764-FBD17E88A0D1}"
EndProject
Project("{9A19103F-16F7-4668-BE54-9A1E7A4F7556}") = "TestRunnerMessageRouting", "TestRunnerMessageRouting\TestRunnerMessageRouting.csproj", "{D4092AAB-ADF4-45C2-A55F-0B18624C758F}"
EndProject
Project("{2150E333-8FDC-42A3-9474-1A3956D46DE8}") = "Storage", "Storage", "{7894021A-9C8D-4208-AEBE-020D789670D0}"
EndProject
Project("{9A19103F-16F7-4668-BE54-9A1E7A4F7556}") = "SAF.Storage.LiteDb", "Storage\SAF.Storage.LightDb\SAF.Storage.LiteDb.csproj", "{10BFAF60-3E5F-413E-B60C-DCF7CBAD36F8}"
EndProject
Project("{9A19103F-16F7-4668-BE54-9A1E7A4F7556}") = "SAF.Storage.LiteDb.Test", "Storage\SAF.Storage.LightDb.Test\SAF.Storage.LiteDb.Test.csproj", "{431E4F16-4506-4E9C-853C-5171422E2643}"
EndProject
Project("{9A19103F-16F7-4668-BE54-9A1E7A4F7556}") = "SAF.Storage.SqLite", "Storage\SAF.Storage.SqLite\SAF.Storage.SqLite.csproj", "{CF45F30D-BEC9-4983-B94B-D8E0E02AFD39}"
EndProject
Project("{9A19103F-16F7-4668-BE54-9A1E7A4F7556}") = "SAF.Storage.SqLite.Test", "Storage\SAF.Storage.SqLite.Test\SAF.Storage.SqLite.Test.csproj", "{01B5C502-CBBB-45E6-BF12-06346E3BD647}"
EndProject
Project("{9A19103F-16F7-4668-BE54-9A1E7A4F7556}") = "TestRunnerCdeService1", "TestRunnerCdeService1\TestRunnerCdeService1.csproj", "{8C6ABB7F-40DB-4D31-85E5-F5C3D8DE2249}"
EndProject
Project("{9A19103F-16F7-4668-BE54-9A1E7A4F7556}") = "TestRunnerCdeService2", "TestRunnerCdeService2\TestRunnerCdeService2.csproj", "{310CDFEE-64C9-4D83-8FD9-D13918D05F4B}"
EndProject
Project("{2150E333-8FDC-42A3-9474-1A3956D46DE8}") = "Utils", "Utils", "{3B45A0A0-AD43-40C2-9F23-A827CD286AA5}"
EndProject
Project("{9A19103F-16F7-4668-BE54-9A1E7A4F7556}") = "CdeLogSorter", "Utils\CdeLogSorter\CdeLogSorter.csproj", "{1C38533A-98B1-4751-BF71-505A8EA91E94}"
EndProject
Project("{9A19103F-16F7-4668-BE54-9A1E7A4F7556}") = "SAF.Communication.PubSub.Tests", "Communication\SAF.Communication.PubSub.Tests\SAF.Communication.PubSub.Tests.csproj", "{5DDDD0F5-D135-4F42-879E-A26750C1181C}"
EndProject
Project("{9A19103F-16F7-4668-BE54-9A1E7A4F7556}") = "SAF.Communication.PubSub.Cde.Tests", "Communication\SAF.Communication.PubSub.Cde.Tests\SAF.Communication.PubSub.Cde.Tests.csproj", "{6963B94E-EA8B-4E7B-B781-148E7D9FE637}"
EndProject
Global
	GlobalSection(SolutionConfigurationPlatforms) = preSolution
		Debug|Any CPU = Debug|Any CPU
		Release|Any CPU = Release|Any CPU
	EndGlobalSection
	GlobalSection(ProjectConfigurationPlatforms) = postSolution
		{3D81AC05-15DC-4944-8A47-F5D2B4EC9995}.Debug|Any CPU.ActiveCfg = Debug|Any CPU
		{3D81AC05-15DC-4944-8A47-F5D2B4EC9995}.Debug|Any CPU.Build.0 = Debug|Any CPU
		{3D81AC05-15DC-4944-8A47-F5D2B4EC9995}.Release|Any CPU.ActiveCfg = Release|Any CPU
		{3D81AC05-15DC-4944-8A47-F5D2B4EC9995}.Release|Any CPU.Build.0 = Release|Any CPU
		{B1C714E4-4EDC-489B-AFBE-90CAE13F0FE6}.Debug|Any CPU.ActiveCfg = Debug|Any CPU
		{B1C714E4-4EDC-489B-AFBE-90CAE13F0FE6}.Debug|Any CPU.Build.0 = Debug|Any CPU
		{B1C714E4-4EDC-489B-AFBE-90CAE13F0FE6}.Release|Any CPU.ActiveCfg = Release|Any CPU
		{B1C714E4-4EDC-489B-AFBE-90CAE13F0FE6}.Release|Any CPU.Build.0 = Release|Any CPU
		{7D04313C-F99C-4CD3-986D-6CD217A7FBC4}.Debug|Any CPU.ActiveCfg = Debug|Any CPU
		{7D04313C-F99C-4CD3-986D-6CD217A7FBC4}.Debug|Any CPU.Build.0 = Debug|Any CPU
		{7D04313C-F99C-4CD3-986D-6CD217A7FBC4}.Release|Any CPU.ActiveCfg = Release|Any CPU
		{7D04313C-F99C-4CD3-986D-6CD217A7FBC4}.Release|Any CPU.Build.0 = Release|Any CPU
		{E5F56373-5DE8-46CF-B92B-20E385E0D7E4}.Debug|Any CPU.ActiveCfg = Debug|Any CPU
		{E5F56373-5DE8-46CF-B92B-20E385E0D7E4}.Debug|Any CPU.Build.0 = Debug|Any CPU
		{E5F56373-5DE8-46CF-B92B-20E385E0D7E4}.Release|Any CPU.ActiveCfg = Release|Any CPU
		{E5F56373-5DE8-46CF-B92B-20E385E0D7E4}.Release|Any CPU.Build.0 = Release|Any CPU
		{D4566068-3EC4-429B-B5EC-D54DC8803E74}.Debug|Any CPU.ActiveCfg = Debug|Any CPU
		{D4566068-3EC4-429B-B5EC-D54DC8803E74}.Debug|Any CPU.Build.0 = Debug|Any CPU
		{D4566068-3EC4-429B-B5EC-D54DC8803E74}.Release|Any CPU.ActiveCfg = Release|Any CPU
		{D4566068-3EC4-429B-B5EC-D54DC8803E74}.Release|Any CPU.Build.0 = Release|Any CPU
		{A1E6007B-E911-40BD-B56D-5E18E611A117}.Debug|Any CPU.ActiveCfg = Debug|Any CPU
		{A1E6007B-E911-40BD-B56D-5E18E611A117}.Debug|Any CPU.Build.0 = Debug|Any CPU
		{A1E6007B-E911-40BD-B56D-5E18E611A117}.Release|Any CPU.ActiveCfg = Release|Any CPU
		{A1E6007B-E911-40BD-B56D-5E18E611A117}.Release|Any CPU.Build.0 = Release|Any CPU
		{C8EC9386-63DB-4A3C-9CD0-1A1B2F1F13F3}.Debug|Any CPU.ActiveCfg = Debug|Any CPU
		{C8EC9386-63DB-4A3C-9CD0-1A1B2F1F13F3}.Debug|Any CPU.Build.0 = Debug|Any CPU
		{C8EC9386-63DB-4A3C-9CD0-1A1B2F1F13F3}.Release|Any CPU.ActiveCfg = Release|Any CPU
		{C8EC9386-63DB-4A3C-9CD0-1A1B2F1F13F3}.Release|Any CPU.Build.0 = Release|Any CPU
		{F211790F-DDAE-401F-9D85-CDF8B02F32CE}.Debug|Any CPU.ActiveCfg = Debug|Any CPU
		{F211790F-DDAE-401F-9D85-CDF8B02F32CE}.Debug|Any CPU.Build.0 = Debug|Any CPU
		{F211790F-DDAE-401F-9D85-CDF8B02F32CE}.Release|Any CPU.ActiveCfg = Release|Any CPU
		{F211790F-DDAE-401F-9D85-CDF8B02F32CE}.Release|Any CPU.Build.0 = Release|Any CPU
		{286A0F5F-B7C9-4967-A73A-F5D0098F4CF4}.Debug|Any CPU.ActiveCfg = Debug|Any CPU
		{286A0F5F-B7C9-4967-A73A-F5D0098F4CF4}.Debug|Any CPU.Build.0 = Debug|Any CPU
		{286A0F5F-B7C9-4967-A73A-F5D0098F4CF4}.Release|Any CPU.ActiveCfg = Release|Any CPU
		{286A0F5F-B7C9-4967-A73A-F5D0098F4CF4}.Release|Any CPU.Build.0 = Release|Any CPU
		{1B26C918-1DAF-4886-8321-66890C45A1BE}.Debug|Any CPU.ActiveCfg = Debug|Any CPU
		{1B26C918-1DAF-4886-8321-66890C45A1BE}.Debug|Any CPU.Build.0 = Debug|Any CPU
		{1B26C918-1DAF-4886-8321-66890C45A1BE}.Release|Any CPU.ActiveCfg = Release|Any CPU
		{1B26C918-1DAF-4886-8321-66890C45A1BE}.Release|Any CPU.Build.0 = Release|Any CPU
		{3A4C55A9-EE1E-4BFC-A575-BB4A7ED7AEC4}.Debug|Any CPU.ActiveCfg = Debug|Any CPU
		{3A4C55A9-EE1E-4BFC-A575-BB4A7ED7AEC4}.Debug|Any CPU.Build.0 = Debug|Any CPU
		{3A4C55A9-EE1E-4BFC-A575-BB4A7ED7AEC4}.Release|Any CPU.ActiveCfg = Release|Any CPU
		{3A4C55A9-EE1E-4BFC-A575-BB4A7ED7AEC4}.Release|Any CPU.Build.0 = Release|Any CPU
		{EB283FBF-74C8-455A-8B3E-EB092704F084}.Debug|Any CPU.ActiveCfg = Debug|Any CPU
		{EB283FBF-74C8-455A-8B3E-EB092704F084}.Debug|Any CPU.Build.0 = Debug|Any CPU
		{EB283FBF-74C8-455A-8B3E-EB092704F084}.Release|Any CPU.ActiveCfg = Release|Any CPU
		{EB283FBF-74C8-455A-8B3E-EB092704F084}.Release|Any CPU.Build.0 = Release|Any CPU
		{B0F51DB2-11A5-45BD-935D-59A084C73F3D}.Debug|Any CPU.ActiveCfg = Debug|Any CPU
		{B0F51DB2-11A5-45BD-935D-59A084C73F3D}.Debug|Any CPU.Build.0 = Debug|Any CPU
		{B0F51DB2-11A5-45BD-935D-59A084C73F3D}.Release|Any CPU.ActiveCfg = Release|Any CPU
		{B0F51DB2-11A5-45BD-935D-59A084C73F3D}.Release|Any CPU.Build.0 = Release|Any CPU
		{3361536D-1EC5-49D7-AB59-17CE91A09AEB}.Debug|Any CPU.ActiveCfg = Debug|Any CPU
		{3361536D-1EC5-49D7-AB59-17CE91A09AEB}.Debug|Any CPU.Build.0 = Debug|Any CPU
		{3361536D-1EC5-49D7-AB59-17CE91A09AEB}.Release|Any CPU.ActiveCfg = Release|Any CPU
		{3361536D-1EC5-49D7-AB59-17CE91A09AEB}.Release|Any CPU.Build.0 = Release|Any CPU
		{51BB2F8D-DB66-43EE-B72D-2FA6391040EE}.Debug|Any CPU.ActiveCfg = Debug|Any CPU
		{51BB2F8D-DB66-43EE-B72D-2FA6391040EE}.Debug|Any CPU.Build.0 = Debug|Any CPU
		{51BB2F8D-DB66-43EE-B72D-2FA6391040EE}.Release|Any CPU.ActiveCfg = Release|Any CPU
		{51BB2F8D-DB66-43EE-B72D-2FA6391040EE}.Release|Any CPU.Build.0 = Release|Any CPU
		{48C98B22-0DB4-4F86-A6D5-413CE68AD23D}.Debug|Any CPU.ActiveCfg = Debug|Any CPU
		{48C98B22-0DB4-4F86-A6D5-413CE68AD23D}.Debug|Any CPU.Build.0 = Debug|Any CPU
		{48C98B22-0DB4-4F86-A6D5-413CE68AD23D}.Release|Any CPU.ActiveCfg = Release|Any CPU
		{48C98B22-0DB4-4F86-A6D5-413CE68AD23D}.Release|Any CPU.Build.0 = Release|Any CPU
		{AFCF57F5-4141-49E5-9FB5-EF8CACB2BACD}.Debug|Any CPU.ActiveCfg = Debug|Any CPU
		{AFCF57F5-4141-49E5-9FB5-EF8CACB2BACD}.Debug|Any CPU.Build.0 = Debug|Any CPU
		{AFCF57F5-4141-49E5-9FB5-EF8CACB2BACD}.Release|Any CPU.ActiveCfg = Release|Any CPU
		{AFCF57F5-4141-49E5-9FB5-EF8CACB2BACD}.Release|Any CPU.Build.0 = Release|Any CPU
		{84F2E52E-ECD8-4924-8FBB-DC01FED154B0}.Debug|Any CPU.ActiveCfg = Debug|Any CPU
		{84F2E52E-ECD8-4924-8FBB-DC01FED154B0}.Debug|Any CPU.Build.0 = Debug|Any CPU
		{84F2E52E-ECD8-4924-8FBB-DC01FED154B0}.Release|Any CPU.ActiveCfg = Release|Any CPU
		{84F2E52E-ECD8-4924-8FBB-DC01FED154B0}.Release|Any CPU.Build.0 = Release|Any CPU
		{DB215F31-E4F8-4AAB-B6EC-95828EA0B6A6}.Debug|Any CPU.ActiveCfg = Debug|Any CPU
		{DB215F31-E4F8-4AAB-B6EC-95828EA0B6A6}.Debug|Any CPU.Build.0 = Debug|Any CPU
		{DB215F31-E4F8-4AAB-B6EC-95828EA0B6A6}.Release|Any CPU.ActiveCfg = Release|Any CPU
		{DB215F31-E4F8-4AAB-B6EC-95828EA0B6A6}.Release|Any CPU.Build.0 = Release|Any CPU
		{EA15FAB2-B023-4480-B865-BBEB158D69FE}.Debug|Any CPU.ActiveCfg = Debug|Any CPU
		{EA15FAB2-B023-4480-B865-BBEB158D69FE}.Debug|Any CPU.Build.0 = Debug|Any CPU
		{EA15FAB2-B023-4480-B865-BBEB158D69FE}.Release|Any CPU.ActiveCfg = Release|Any CPU
		{EA15FAB2-B023-4480-B865-BBEB158D69FE}.Release|Any CPU.Build.0 = Release|Any CPU
		{27554663-CDEB-4C9D-8B1F-34A72AD4E55E}.Debug|Any CPU.ActiveCfg = Debug|Any CPU
		{27554663-CDEB-4C9D-8B1F-34A72AD4E55E}.Debug|Any CPU.Build.0 = Debug|Any CPU
		{27554663-CDEB-4C9D-8B1F-34A72AD4E55E}.Release|Any CPU.ActiveCfg = Release|Any CPU
		{27554663-CDEB-4C9D-8B1F-34A72AD4E55E}.Release|Any CPU.Build.0 = Release|Any CPU
		{023C8024-BDF0-4C86-83C3-7DC2968722A9}.Debug|Any CPU.ActiveCfg = Debug|Any CPU
		{023C8024-BDF0-4C86-83C3-7DC2968722A9}.Debug|Any CPU.Build.0 = Debug|Any CPU
		{023C8024-BDF0-4C86-83C3-7DC2968722A9}.Release|Any CPU.ActiveCfg = Release|Any CPU
		{023C8024-BDF0-4C86-83C3-7DC2968722A9}.Release|Any CPU.Build.0 = Release|Any CPU
		{F6050F5B-7736-42D9-9CDE-02AC3BCCF1AF}.Debug|Any CPU.ActiveCfg = Debug|Any CPU
		{F6050F5B-7736-42D9-9CDE-02AC3BCCF1AF}.Debug|Any CPU.Build.0 = Debug|Any CPU
		{F6050F5B-7736-42D9-9CDE-02AC3BCCF1AF}.Release|Any CPU.ActiveCfg = Release|Any CPU
		{F6050F5B-7736-42D9-9CDE-02AC3BCCF1AF}.Release|Any CPU.Build.0 = Release|Any CPU
		{C5017DCC-99EC-48C2-9785-DD92751FB792}.Debug|Any CPU.ActiveCfg = Debug|Any CPU
		{C5017DCC-99EC-48C2-9785-DD92751FB792}.Debug|Any CPU.Build.0 = Debug|Any CPU
		{C5017DCC-99EC-48C2-9785-DD92751FB792}.Release|Any CPU.ActiveCfg = Release|Any CPU
		{C5017DCC-99EC-48C2-9785-DD92751FB792}.Release|Any CPU.Build.0 = Release|Any CPU
		{59F0B8A4-EB08-440A-BA71-BEAE43B084C9}.Debug|Any CPU.ActiveCfg = Debug|Any CPU
		{59F0B8A4-EB08-440A-BA71-BEAE43B084C9}.Debug|Any CPU.Build.0 = Debug|Any CPU
		{59F0B8A4-EB08-440A-BA71-BEAE43B084C9}.Release|Any CPU.ActiveCfg = Release|Any CPU
		{59F0B8A4-EB08-440A-BA71-BEAE43B084C9}.Release|Any CPU.Build.0 = Release|Any CPU
		{C40393CF-BA36-474F-8260-D18E153B53CA}.Debug|Any CPU.ActiveCfg = Debug|Any CPU
		{C40393CF-BA36-474F-8260-D18E153B53CA}.Debug|Any CPU.Build.0 = Debug|Any CPU
		{C40393CF-BA36-474F-8260-D18E153B53CA}.Release|Any CPU.ActiveCfg = Release|Any CPU
		{C40393CF-BA36-474F-8260-D18E153B53CA}.Release|Any CPU.Build.0 = Release|Any CPU
		{E133C023-4E86-4308-9147-C5B6C2F63F9A}.Debug|Any CPU.ActiveCfg = Debug|Any CPU
		{E133C023-4E86-4308-9147-C5B6C2F63F9A}.Debug|Any CPU.Build.0 = Debug|Any CPU
		{E133C023-4E86-4308-9147-C5B6C2F63F9A}.Release|Any CPU.ActiveCfg = Release|Any CPU
		{E133C023-4E86-4308-9147-C5B6C2F63F9A}.Release|Any CPU.Build.0 = Release|Any CPU
		{10D8D3DF-CEBA-4A74-8567-D5E1C479C20E}.Debug|Any CPU.ActiveCfg = Debug|Any CPU
		{10D8D3DF-CEBA-4A74-8567-D5E1C479C20E}.Debug|Any CPU.Build.0 = Debug|Any CPU
		{10D8D3DF-CEBA-4A74-8567-D5E1C479C20E}.Release|Any CPU.ActiveCfg = Release|Any CPU
		{10D8D3DF-CEBA-4A74-8567-D5E1C479C20E}.Release|Any CPU.Build.0 = Release|Any CPU
		{8D1F4B0F-4A36-44EB-834C-8D34A5CB73EA}.Debug|Any CPU.ActiveCfg = Debug|Any CPU
		{8D1F4B0F-4A36-44EB-834C-8D34A5CB73EA}.Debug|Any CPU.Build.0 = Debug|Any CPU
		{8D1F4B0F-4A36-44EB-834C-8D34A5CB73EA}.Release|Any CPU.ActiveCfg = Release|Any CPU
		{8D1F4B0F-4A36-44EB-834C-8D34A5CB73EA}.Release|Any CPU.Build.0 = Release|Any CPU
		{3F235555-0B01-4320-9987-417B2284AFEF}.Debug|Any CPU.ActiveCfg = Debug|Any CPU
		{3F235555-0B01-4320-9987-417B2284AFEF}.Debug|Any CPU.Build.0 = Debug|Any CPU
		{3F235555-0B01-4320-9987-417B2284AFEF}.Release|Any CPU.ActiveCfg = Release|Any CPU
		{3F235555-0B01-4320-9987-417B2284AFEF}.Release|Any CPU.Build.0 = Release|Any CPU
		{A9D8D424-0245-441D-B4FF-2F27EFB3E7EC}.Debug|Any CPU.ActiveCfg = Debug|Any CPU
		{A9D8D424-0245-441D-B4FF-2F27EFB3E7EC}.Debug|Any CPU.Build.0 = Debug|Any CPU
		{A9D8D424-0245-441D-B4FF-2F27EFB3E7EC}.Release|Any CPU.ActiveCfg = Release|Any CPU
		{A9D8D424-0245-441D-B4FF-2F27EFB3E7EC}.Release|Any CPU.Build.0 = Release|Any CPU
		{2CF928FB-229D-4327-BF68-CA5B7DA110F6}.Debug|Any CPU.ActiveCfg = Debug|Any CPU
		{2CF928FB-229D-4327-BF68-CA5B7DA110F6}.Debug|Any CPU.Build.0 = Debug|Any CPU
		{2CF928FB-229D-4327-BF68-CA5B7DA110F6}.Release|Any CPU.ActiveCfg = Release|Any CPU
		{2CF928FB-229D-4327-BF68-CA5B7DA110F6}.Release|Any CPU.Build.0 = Release|Any CPU
		{AFEA07EB-5A56-4600-B764-FBD17E88A0D1}.Debug|Any CPU.ActiveCfg = Debug|Any CPU
		{AFEA07EB-5A56-4600-B764-FBD17E88A0D1}.Debug|Any CPU.Build.0 = Debug|Any CPU
		{AFEA07EB-5A56-4600-B764-FBD17E88A0D1}.Release|Any CPU.ActiveCfg = Release|Any CPU
		{AFEA07EB-5A56-4600-B764-FBD17E88A0D1}.Release|Any CPU.Build.0 = Release|Any CPU
		{D4092AAB-ADF4-45C2-A55F-0B18624C758F}.Debug|Any CPU.ActiveCfg = Debug|Any CPU
		{D4092AAB-ADF4-45C2-A55F-0B18624C758F}.Debug|Any CPU.Build.0 = Debug|Any CPU
		{D4092AAB-ADF4-45C2-A55F-0B18624C758F}.Release|Any CPU.ActiveCfg = Release|Any CPU
		{D4092AAB-ADF4-45C2-A55F-0B18624C758F}.Release|Any CPU.Build.0 = Release|Any CPU
		{10BFAF60-3E5F-413E-B60C-DCF7CBAD36F8}.Debug|Any CPU.ActiveCfg = Debug|Any CPU
		{10BFAF60-3E5F-413E-B60C-DCF7CBAD36F8}.Debug|Any CPU.Build.0 = Debug|Any CPU
		{10BFAF60-3E5F-413E-B60C-DCF7CBAD36F8}.Release|Any CPU.ActiveCfg = Release|Any CPU
		{10BFAF60-3E5F-413E-B60C-DCF7CBAD36F8}.Release|Any CPU.Build.0 = Release|Any CPU
		{431E4F16-4506-4E9C-853C-5171422E2643}.Debug|Any CPU.ActiveCfg = Debug|Any CPU
		{431E4F16-4506-4E9C-853C-5171422E2643}.Debug|Any CPU.Build.0 = Debug|Any CPU
		{431E4F16-4506-4E9C-853C-5171422E2643}.Release|Any CPU.ActiveCfg = Release|Any CPU
		{431E4F16-4506-4E9C-853C-5171422E2643}.Release|Any CPU.Build.0 = Release|Any CPU
		{CF45F30D-BEC9-4983-B94B-D8E0E02AFD39}.Debug|Any CPU.ActiveCfg = Debug|Any CPU
		{CF45F30D-BEC9-4983-B94B-D8E0E02AFD39}.Debug|Any CPU.Build.0 = Debug|Any CPU
		{CF45F30D-BEC9-4983-B94B-D8E0E02AFD39}.Release|Any CPU.ActiveCfg = Release|Any CPU
		{CF45F30D-BEC9-4983-B94B-D8E0E02AFD39}.Release|Any CPU.Build.0 = Release|Any CPU
		{01B5C502-CBBB-45E6-BF12-06346E3BD647}.Debug|Any CPU.ActiveCfg = Debug|Any CPU
		{01B5C502-CBBB-45E6-BF12-06346E3BD647}.Debug|Any CPU.Build.0 = Debug|Any CPU
		{01B5C502-CBBB-45E6-BF12-06346E3BD647}.Release|Any CPU.ActiveCfg = Release|Any CPU
		{01B5C502-CBBB-45E6-BF12-06346E3BD647}.Release|Any CPU.Build.0 = Release|Any CPU
		{8C6ABB7F-40DB-4D31-85E5-F5C3D8DE2249}.Debug|Any CPU.ActiveCfg = Debug|Any CPU
		{8C6ABB7F-40DB-4D31-85E5-F5C3D8DE2249}.Debug|Any CPU.Build.0 = Debug|Any CPU
		{8C6ABB7F-40DB-4D31-85E5-F5C3D8DE2249}.Release|Any CPU.ActiveCfg = Release|Any CPU
		{8C6ABB7F-40DB-4D31-85E5-F5C3D8DE2249}.Release|Any CPU.Build.0 = Release|Any CPU
		{310CDFEE-64C9-4D83-8FD9-D13918D05F4B}.Debug|Any CPU.ActiveCfg = Debug|Any CPU
		{310CDFEE-64C9-4D83-8FD9-D13918D05F4B}.Debug|Any CPU.Build.0 = Debug|Any CPU
		{310CDFEE-64C9-4D83-8FD9-D13918D05F4B}.Release|Any CPU.ActiveCfg = Release|Any CPU
		{310CDFEE-64C9-4D83-8FD9-D13918D05F4B}.Release|Any CPU.Build.0 = Release|Any CPU
		{1C38533A-98B1-4751-BF71-505A8EA91E94}.Debug|Any CPU.ActiveCfg = Debug|Any CPU
		{1C38533A-98B1-4751-BF71-505A8EA91E94}.Debug|Any CPU.Build.0 = Debug|Any CPU
		{1C38533A-98B1-4751-BF71-505A8EA91E94}.Release|Any CPU.ActiveCfg = Release|Any CPU
		{1C38533A-98B1-4751-BF71-505A8EA91E94}.Release|Any CPU.Build.0 = Release|Any CPU
		{5DDDD0F5-D135-4F42-879E-A26750C1181C}.Debug|Any CPU.ActiveCfg = Debug|Any CPU
		{5DDDD0F5-D135-4F42-879E-A26750C1181C}.Debug|Any CPU.Build.0 = Debug|Any CPU
		{5DDDD0F5-D135-4F42-879E-A26750C1181C}.Release|Any CPU.ActiveCfg = Release|Any CPU
		{5DDDD0F5-D135-4F42-879E-A26750C1181C}.Release|Any CPU.Build.0 = Release|Any CPU
		{6963B94E-EA8B-4E7B-B781-148E7D9FE637}.Debug|Any CPU.ActiveCfg = Debug|Any CPU
		{6963B94E-EA8B-4E7B-B781-148E7D9FE637}.Debug|Any CPU.Build.0 = Debug|Any CPU
		{6963B94E-EA8B-4E7B-B781-148E7D9FE637}.Release|Any CPU.ActiveCfg = Release|Any CPU
		{6963B94E-EA8B-4E7B-B781-148E7D9FE637}.Release|Any CPU.Build.0 = Release|Any CPU
	EndGlobalSection
	GlobalSection(SolutionProperties) = preSolution
		HideSolutionNode = FALSE
	EndGlobalSection
	GlobalSection(NestedProjects) = preSolution
		{D4566068-3EC4-429B-B5EC-D54DC8803E74} = {647EAED8-36EC-4D4A-9C05-383429FB0108}
		{A1E6007B-E911-40BD-B56D-5E18E611A117} = {647EAED8-36EC-4D4A-9C05-383429FB0108}
		{C8EC9386-63DB-4A3C-9CD0-1A1B2F1F13F3} = {647EAED8-36EC-4D4A-9C05-383429FB0108}
		{F211790F-DDAE-401F-9D85-CDF8B02F32CE} = {E53CC9A7-AB65-46C0-8AEE-980CFBFCFF31}
		{286A0F5F-B7C9-4967-A73A-F5D0098F4CF4} = {E53CC9A7-AB65-46C0-8AEE-980CFBFCFF31}
		{1B26C918-1DAF-4886-8321-66890C45A1BE} = {E53CC9A7-AB65-46C0-8AEE-980CFBFCFF31}
		{3A4C55A9-EE1E-4BFC-A575-BB4A7ED7AEC4} = {42D58619-E495-4AD4-AAA9-11E8285FCCDE}
		{EB283FBF-74C8-455A-8B3E-EB092704F084} = {022317AF-352A-4A5B-ADB8-78FE50181121}
		{B0F51DB2-11A5-45BD-935D-59A084C73F3D} = {022317AF-352A-4A5B-ADB8-78FE50181121}
		{3361536D-1EC5-49D7-AB59-17CE91A09AEB} = {022317AF-352A-4A5B-ADB8-78FE50181121}
		{48C98B22-0DB4-4F86-A6D5-413CE68AD23D} = {42D58619-E495-4AD4-AAA9-11E8285FCCDE}
		{AFCF57F5-4141-49E5-9FB5-EF8CACB2BACD} = {E53CC9A7-AB65-46C0-8AEE-980CFBFCFF31}
		{84F2E52E-ECD8-4924-8FBB-DC01FED154B0} = {E53CC9A7-AB65-46C0-8AEE-980CFBFCFF31}
		{DB215F31-E4F8-4AAB-B6EC-95828EA0B6A6} = {65800A90-1808-42B2-89C1-662576050A3A}
		{EA15FAB2-B023-4480-B865-BBEB158D69FE} = {65800A90-1808-42B2-89C1-662576050A3A}
		{27554663-CDEB-4C9D-8B1F-34A72AD4E55E} = {65800A90-1808-42B2-89C1-662576050A3A}
		{023C8024-BDF0-4C86-83C3-7DC2968722A9} = {65800A90-1808-42B2-89C1-662576050A3A}
		{F6050F5B-7736-42D9-9CDE-02AC3BCCF1AF} = {65800A90-1808-42B2-89C1-662576050A3A}
		{C5017DCC-99EC-48C2-9785-DD92751FB792} = {65800A90-1808-42B2-89C1-662576050A3A}
		{59F0B8A4-EB08-440A-BA71-BEAE43B084C9} = {E53CC9A7-AB65-46C0-8AEE-980CFBFCFF31}
		{C40393CF-BA36-474F-8260-D18E153B53CA} = {42D58619-E495-4AD4-AAA9-11E8285FCCDE}
		{10D8D3DF-CEBA-4A74-8567-D5E1C479C20E} = {42D58619-E495-4AD4-AAA9-11E8285FCCDE}
		{8D1F4B0F-4A36-44EB-834C-8D34A5CB73EA} = {42D58619-E495-4AD4-AAA9-11E8285FCCDE}
		{3F235555-0B01-4320-9987-417B2284AFEF} = {42D58619-E495-4AD4-AAA9-11E8285FCCDE}
		{A9D8D424-0245-441D-B4FF-2F27EFB3E7EC} = {42D58619-E495-4AD4-AAA9-11E8285FCCDE}
		{2CF928FB-229D-4327-BF68-CA5B7DA110F6} = {42D58619-E495-4AD4-AAA9-11E8285FCCDE}
		{10BFAF60-3E5F-413E-B60C-DCF7CBAD36F8} = {7894021A-9C8D-4208-AEBE-020D789670D0}
		{431E4F16-4506-4E9C-853C-5171422E2643} = {7894021A-9C8D-4208-AEBE-020D789670D0}
		{CF45F30D-BEC9-4983-B94B-D8E0E02AFD39} = {7894021A-9C8D-4208-AEBE-020D789670D0}
		{01B5C502-CBBB-45E6-BF12-06346E3BD647} = {7894021A-9C8D-4208-AEBE-020D789670D0}
		{1C38533A-98B1-4751-BF71-505A8EA91E94} = {3B45A0A0-AD43-40C2-9F23-A827CD286AA5}
		{5DDDD0F5-D135-4F42-879E-A26750C1181C} = {65800A90-1808-42B2-89C1-662576050A3A}
		{6963B94E-EA8B-4E7B-B781-148E7D9FE637} = {65800A90-1808-42B2-89C1-662576050A3A}
	EndGlobalSection
	GlobalSection(ExtensibilityGlobals) = postSolution
		SolutionGuid = {C501EF73-01B0-4E09-BF66-A897FF94F0CE}
	EndGlobalSection
EndGlobal
